{
  "name": "vueParce",
  "version": "1.0.0",
  "lockfileVersion": 1,
  "requires": true,
  "dependencies": {
    "@babel/parser": {
      "version": "7.23.6",
      "resolved": "https://registry.npmmirror.com/@babel/parser/-/parser-7.23.6.tgz",
      "integrity": "sha512-Z2uID7YJ7oNvAI20O9X0bblw7Qqs8Q2hFy0R9tAfnfLkp5MW0UH9eUvnDSnFwKZ0AvgS1ucqR4KzvVHgnke1VQ==",
      "dev": true
    },
    "@vue/compiler-core": {
      "version": "3.4.5",
      "resolved": "https://registry.npmmirror.com/@vue/compiler-core/-/compiler-core-3.4.5.tgz",
      "integrity": "sha512-Daka7P1z2AgKjzuueWXhwzIsKu0NkLB6vGbNVEV2iJ8GJTrzraZo/Sk4GWCMRtd/qVi3zwnk+Owbd/xSZbwHtQ==",
      "dev": true,
      "requires": {
        "@babel/parser": "^7.23.6",
        "@vue/shared": "3.4.5",
        "entities": "^4.5.0",
        "estree-walker": "^2.0.2",
        "source-map-js": "^1.0.2"
      }
    },
    "@vue/compiler-dom": {
      "version": "3.4.5",
      "dev": true,
      "requires": {
        "@vue/compiler-core": "3.4.5",
        "@vue/shared": "3.4.5"
      }
    },
    "@vue/shared": {
      "version": "3.4.5",
      "resolved": "https://registry.npmmirror.com/@vue/shared/-/shared-3.4.5.tgz",
      "integrity": "sha512-6XptuzlMvN4l4cDnDw36pdGEV+9njYkQ1ZE0Q6iZLwrKefKaOJyiFmcP3/KBDHbt72cJZGtllAc1GaHe6XGAyg==",
      "dev": true
    },
    "entities": {
      "version": "4.5.0",
      "resolved": "https://registry.npmmirror.com/entities/-/entities-4.5.0.tgz",
      "integrity": "sha512-V0hjH4dGPh9Ao5p0MoRY6BVqtwCjhz6vI5LT8AJ55H+4g9/4vbHx1I54fS0XuclLhDHArPQCiMjDxjaL8fPxhw==",
      "dev": true
    },
    "estree-walker": {
      "version": "2.0.2",
      "resolved": "https://registry.npmmirror.com/estree-walker/-/estree-walker-2.0.2.tgz",
      "integrity": "sha512-Rfkk/Mp/DL7JVje3u18FxFujQlTNR2q6QfMSMB7AvCBx91NGj/ba3kCfza0f6dVDbw7YlRf/nDrn7pQrCCyQ/w==",
      "dev": true
    },
    "source-map-js": {
      "version": "1.0.2",
      "resolved": "https://registry.npmmirror.com/source-map-js/-/source-map-js-1.0.2.tgz",
      "integrity": "sha512-R0XvVJ9WusLiqTCEiGCmICCMplcCkIwwR11mOSD9CR5u+IXYdiseeEuXCVAjS54zqwkLcPNnmU4OeJ6tUrWhDw==",
      "dev": true
    },
    "typescript": {
      "version": "5.3.3",
      "resolved": "https://registry.npmmirror.com/typescript/-/typescript-5.3.3.tgz",
      "integrity": "sha512-pXWcraxM0uxAS+tN0AG/BF2TyqmHO014Z070UsJ+pFvYuRSq8KH8DmWpnbXe0pEPDHXZV3FcAbJkijJ5oNEnWw==",
      "dev": true
    }
  }
}
